// !$*UTF8*$!
{
	archiveVersion = 1;
	classes = {
	};
	objectVersion = 55;
	objects = {

/* Begin PBXBuildFile section */
		D26F2C602877AA26006BCCE6 /* BillDetailsView.swift in Sources */ = {isa = PBXBuildFile; fileRef = D26F2C5F2877AA26006BCCE6 /* BillDetailsView.swift */; };
		D2BC7F442919C0DF00A3AC35 /* BillSplitPresenterType.swift in Sources */ = {isa = PBXBuildFile; fileRef = D2BC7F432919C0DF00A3AC35 /* BillSplitPresenterType.swift */; };
		D2BC7F462930094700A3AC35 /* CurrencyTextField.swift in Sources */ = {isa = PBXBuildFile; fileRef = D2BC7F452930094700A3AC35 /* CurrencyTextField.swift */; };
		D2BC7F4829300AB800A3AC35 /* Currency.swift in Sources */ = {isa = PBXBuildFile; fileRef = D2BC7F4729300AB800A3AC35 /* Currency.swift */; };
		D2BD050428763937004CF474 /* AppDelegate.swift in Sources */ = {isa = PBXBuildFile; fileRef = D2BD050328763937004CF474 /* AppDelegate.swift */; };
		D2BD050628763937004CF474 /* SceneDelegate.swift in Sources */ = {isa = PBXBuildFile; fileRef = D2BD050528763937004CF474 /* SceneDelegate.swift */; };
		D2BD050D28763938004CF474 /* Assets.xcassets in Resources */ = {isa = PBXBuildFile; fileRef = D2BD050C28763938004CF474 /* Assets.xcassets */; };
		D2BD051028763938004CF474 /* LaunchScreen.storyboard in Resources */ = {isa = PBXBuildFile; fileRef = D2BD050E28763938004CF474 /* LaunchScreen.storyboard */; };
		D2BD0518287639DA004CF474 /* BillSplitViewController.swift in Sources */ = {isa = PBXBuildFile; fileRef = D2BD0517287639DA004CF474 /* BillSplitViewController.swift */; };
		D2DC7D4F28FB2B7400EEB1B7 /* BillSplitPresenter.swift in Sources */ = {isa = PBXBuildFile; fileRef = D2DC7D4E28FB2B7400EEB1B7 /* BillSplitPresenter.swift */; };
		D2DC7D5228FB2CF600EEB1B7 /* People.swift in Sources */ = {isa = PBXBuildFile; fileRef = D2DC7D5128FB2CF600EEB1B7 /* People.swift */; };
		D2DC7D5428FB2D1400EEB1B7 /* Item.swift in Sources */ = {isa = PBXBuildFile; fileRef = D2DC7D5328FB2D1400EEB1B7 /* Item.swift */; };
/* End PBXBuildFile section */

/* Begin PBXFileReference section */
		D26F2C5F2877AA26006BCCE6 /* BillDetailsView.swift */ = {isa = PBXFileReference; lastKnownFileType = sourcecode.swift; path = BillDetailsView.swift; sourceTree = "<group>"; };
		D2BC7F432919C0DF00A3AC35 /* BillSplitPresenterType.swift */ = {isa = PBXFileReference; lastKnownFileType = sourcecode.swift; path = BillSplitPresenterType.swift; sourceTree = "<group>"; };
		D2BC7F452930094700A3AC35 /* CurrencyTextField.swift */ = {isa = PBXFileReference; lastKnownFileType = sourcecode.swift; path = CurrencyTextField.swift; sourceTree = "<group>"; };
		D2BC7F4729300AB800A3AC35 /* Currency.swift */ = {isa = PBXFileReference; lastKnownFileType = sourcecode.swift; path = Currency.swift; sourceTree = "<group>"; };
		D2BD050028763937004CF474 /* Splitsy.app */ = {isa = PBXFileReference; explicitFileType = wrapper.application; includeInIndex = 0; path = Splitsy.app; sourceTree = BUILT_PRODUCTS_DIR; };
		D2BD050328763937004CF474 /* AppDelegate.swift */ = {isa = PBXFileReference; lastKnownFileType = sourcecode.swift; path = AppDelegate.swift; sourceTree = "<group>"; };
		D2BD050528763937004CF474 /* SceneDelegate.swift */ = {isa = PBXFileReference; lastKnownFileType = sourcecode.swift; path = SceneDelegate.swift; sourceTree = "<group>"; };
		D2BD050C28763938004CF474 /* Assets.xcassets */ = {isa = PBXFileReference; lastKnownFileType = folder.assetcatalog; path = Assets.xcassets; sourceTree = "<group>"; };
		D2BD050F28763938004CF474 /* Base */ = {isa = PBXFileReference; lastKnownFileType = file.storyboard; name = Base; path = Base.lproj/LaunchScreen.storyboard; sourceTree = "<group>"; };
		D2BD051128763938004CF474 /* Info.plist */ = {isa = PBXFileReference; lastKnownFileType = text.plist.xml; path = Info.plist; sourceTree = "<group>"; };
		D2BD0517287639DA004CF474 /* BillSplitViewController.swift */ = {isa = PBXFileReference; lastKnownFileType = sourcecode.swift; path = BillSplitViewController.swift; sourceTree = "<group>"; };
		D2DC7D4E28FB2B7400EEB1B7 /* BillSplitPresenter.swift */ = {isa = PBXFileReference; fileEncoding = 4; lastKnownFileType = sourcecode.swift; name = BillSplitPresenter.swift; path = Splitsy/Flows/BillSplit/BillSplitPresenter.swift; sourceTree = SOURCE_ROOT; };
		D2DC7D5128FB2CF600EEB1B7 /* People.swift */ = {isa = PBXFileReference; lastKnownFileType = sourcecode.swift; path = People.swift; sourceTree = "<group>"; };
		D2DC7D5328FB2D1400EEB1B7 /* Item.swift */ = {isa = PBXFileReference; lastKnownFileType = sourcecode.swift; path = Item.swift; sourceTree = "<group>"; };
/* End PBXFileReference section */

/* Begin PBXFrameworksBuildPhase section */
		D2BD04FD28763937004CF474 /* Frameworks */ = {
			isa = PBXFrameworksBuildPhase;
			buildActionMask = 2147483647;
			files = (
			);
			runOnlyForDeploymentPostprocessing = 0;
		};
/* End PBXFrameworksBuildPhase section */

/* Begin PBXGroup section */
		D2BD04F728763937004CF474 = {
			isa = PBXGroup;
			children = (
				D2BD050228763937004CF474 /* Splitsy */,
				D2BD050128763937004CF474 /* Products */,
			);
			sourceTree = "<group>";
		};
		D2BD050128763937004CF474 /* Products */ = {
			isa = PBXGroup;
			children = (
				D2BD050028763937004CF474 /* Splitsy.app */,
			);
			name = Products;
			sourceTree = "<group>";
		};
		D2BD050228763937004CF474 /* Splitsy */ = {
			isa = PBXGroup;
			children = (
				D2BD051928763CE5004CF474 /* Flows */,
				D2BD050328763937004CF474 /* AppDelegate.swift */,
				D2BD050528763937004CF474 /* SceneDelegate.swift */,
				D2BD050C28763938004CF474 /* Assets.xcassets */,
				D2BD050E28763938004CF474 /* LaunchScreen.storyboard */,
				D2BD051128763938004CF474 /* Info.plist */,
			);
			path = Splitsy;
			sourceTree = "<group>";
		};
		D2BD051928763CE5004CF474 /* Flows */ = {
			isa = PBXGroup;
			children = (
				D2BD051A28763CF2004CF474 /* BillSplit */,
			);
			path = Flows;
			sourceTree = "<group>";
		};
		D2BD051A28763CF2004CF474 /* BillSplit */ = {
			isa = PBXGroup;
			children = (
				D2DC7D5028FB2CE400EEB1B7 /* Models */,
				D2DC7D4D28FB2B5900EEB1B7 /* Presenter */,
				D2BD051B28763D0B004CF474 /* Views */,
			);
			path = BillSplit;
			sourceTree = "<group>";
		};
		D2BD051B28763D0B004CF474 /* Views */ = {
			isa = PBXGroup;
			children = (
				D2BD0517287639DA004CF474 /* BillSplitViewController.swift */,
				D26F2C5F2877AA26006BCCE6 /* BillDetailsView.swift */,
				D2BC7F452930094700A3AC35 /* CurrencyTextField.swift */,
			);
			path = Views;
			sourceTree = "<group>";
		};
		D2DC7D4D28FB2B5900EEB1B7 /* Presenter */ = {
			isa = PBXGroup;
			children = (
				D2DC7D4E28FB2B7400EEB1B7 /* BillSplitPresenter.swift */,
				D2BC7F432919C0DF00A3AC35 /* BillSplitPresenterType.swift */,
			);
			path = Presenter;
			sourceTree = "<group>";
		};
		D2DC7D5028FB2CE400EEB1B7 /* Models */ = {
			isa = PBXGroup;
			children = (
				D2DC7D5128FB2CF600EEB1B7 /* People.swift */,
				D2DC7D5328FB2D1400EEB1B7 /* Item.swift */,
				D2BC7F4729300AB800A3AC35 /* Currency.swift */,
			);
			path = Models;
			sourceTree = "<group>";
		};
/* End PBXGroup section */

/* Begin PBXNativeTarget section */
		D2BD04FF28763937004CF474 /* Splitsy */ = {
			isa = PBXNativeTarget;
			buildConfigurationList = D2BD051428763938004CF474 /* Build configuration list for PBXNativeTarget "Splitsy" */;
			buildPhases = (
				D2BD04FC28763937004CF474 /* Sources */,
				D2BD04FD28763937004CF474 /* Frameworks */,
				D2BD04FE28763937004CF474 /* Resources */,
			);
			buildRules = (
			);
			dependencies = (
			);
			name = Splitsy;
			productName = Splitsy;
			productReference = D2BD050028763937004CF474 /* Splitsy.app */;
			productType = "com.apple.product-type.application";
		};
/* End PBXNativeTarget section */

/* Begin PBXProject section */
		D2BD04F828763937004CF474 /* Project object */ = {
			isa = PBXProject;
			attributes = {
				BuildIndependentTargetsInParallel = 1;
				LastSwiftUpdateCheck = 1310;
				LastUpgradeCheck = 1310;
				TargetAttributes = {
					D2BD04FF28763937004CF474 = {
						CreatedOnToolsVersion = 13.1;
					};
				};
			};
			buildConfigurationList = D2BD04FB28763937004CF474 /* Build configuration list for PBXProject "Splitsy" */;
			compatibilityVersion = "Xcode 13.0";
			developmentRegion = en;
			hasScannedForEncodings = 0;
			knownRegions = (
				en,
				Base,
			);
			mainGroup = D2BD04F728763937004CF474;
			productRefGroup = D2BD050128763937004CF474 /* Products */;
			projectDirPath = "";
			projectRoot = "";
			targets = (
				D2BD04FF28763937004CF474 /* Splitsy */,
			);
		};
/* End PBXProject section */

/* Begin PBXResourcesBuildPhase section */
		D2BD04FE28763937004CF474 /* Resources */ = {
			isa = PBXResourcesBuildPhase;
			buildActionMask = 2147483647;
			files = (
				D2BD051028763938004CF474 /* LaunchScreen.storyboard in Resources */,
				D2BD050D28763938004CF474 /* Assets.xcassets in Resources */,
			);
			runOnlyForDeploymentPostprocessing = 0;
		};
/* End PBXResourcesBuildPhase section */

/* Begin PBXSourcesBuildPhase section */
		D2BD04FC28763937004CF474 /* Sources */ = {
			isa = PBXSourcesBuildPhase;
			buildActionMask = 2147483647;
			files = (
				D2BC7F442919C0DF00A3AC35 /* BillSplitPresenterType.swift in Sources */,
				D26F2C602877AA26006BCCE6 /* BillDetailsView.swift in Sources */,
				D2BD050428763937004CF474 /* AppDelegate.swift in Sources */,
				D2BC7F462930094700A3AC35 /* CurrencyTextField.swift in Sources */,
				D2BD0518287639DA004CF474 /* BillSplitViewController.swift in Sources */,
				D2BD050628763937004CF474 /* SceneDelegate.swift in Sources */,
				D2BC7F4829300AB800A3AC35 /* Currency.swift in Sources */,
				D2DC7D5428FB2D1400EEB1B7 /* Item.swift in Sources */,
				D2DC7D5228FB2CF600EEB1B7 /* People.swift in Sources */,
				D2DC7D4F28FB2B7400EEB1B7 /* BillSplitPresenter.swift in Sources */,
			);
			runOnlyForDeploymentPostprocessing = 0;
		};
/* End PBXSourcesBuildPhase section */

/* Begin PBXVariantGroup section */
		D2BD050E28763938004CF474 /* LaunchScreen.storyboard */ = {
			isa = PBXVariantGroup;
			children = (
				D2BD050F28763938004CF474 /* Base */,
			);
			name = LaunchScreen.storyboard;
			sourceTree = "<group>";
		};
/* End PBXVariantGroup section */

/* Begin XCBuildConfiguration section */
		D2BD051228763938004CF474 /* Debug */ = {
			isa = XCBuildConfiguration;
			buildSettings = {
				ALWAYS_SEARCH_USER_PATHS = NO;
				CLANG_ANALYZER_NONNULL = YES;
				CLANG_ANALYZER_NUMBER_OBJECT_CONVERSION = YES_AGGRESSIVE;
				CLANG_CXX_LANGUAGE_STANDARD = "gnu++17";
				CLANG_CXX_LIBRARY = "libc++";
				CLANG_ENABLE_MODULES = YES;
				CLANG_ENABLE_OBJC_ARC = YES;
				CLANG_ENABLE_OBJC_WEAK = YES;
				CLANG_WARN_BLOCK_CAPTURE_AUTORELEASING = YES;
				CLANG_WARN_BOOL_CONVERSION = YES;
				CLANG_WARN_COMMA = YES;
				CLANG_WARN_CONSTANT_CONVERSION = YES;
				CLANG_WARN_DEPRECATED_OBJC_IMPLEMENTATIONS = YES;
				CLANG_WARN_DIRECT_OBJC_ISA_USAGE = YES_ERROR;
				CLANG_WARN_DOCUMENTATION_COMMENTS = YES;
				CLANG_WARN_EMPTY_BODY = YES;
				CLANG_WARN_ENUM_CONVERSION = YES;
				CLANG_WARN_INFINITE_RECURSION = YES;
				CLANG_WARN_INT_CONVERSION = YES;
				CLANG_WARN_NON_LITERAL_NULL_CONVERSION = YES;
				CLANG_WARN_OBJC_IMPLICIT_RETAIN_SELF = YES;
				CLANG_WARN_OBJC_LITERAL_CONVERSION = YES;
				CLANG_WARN_OBJC_ROOT_CLASS = YES_ERROR;
				CLANG_WARN_QUOTED_INCLUDE_IN_FRAMEWORK_HEADER = YES;
				CLANG_WARN_RANGE_LOOP_ANALYSIS = YES;
				CLANG_WARN_STRICT_PROTOTYPES = YES;
				CLANG_WARN_SUSPICIOUS_MOVE = YES;
				CLANG_WARN_UNGUARDED_AVAILABILITY = YES_AGGRESSIVE;
				CLANG_WARN_UNREACHABLE_CODE = YES;
				CLANG_WARN__DUPLICATE_METHOD_MATCH = YES;
				COPY_PHASE_STRIP = NO;
				DEBUG_INFORMATION_FORMAT = dwarf;
				ENABLE_STRICT_OBJC_MSGSEND = YES;
				ENABLE_TESTABILITY = YES;
				GCC_C_LANGUAGE_STANDARD = gnu11;
				GCC_DYNAMIC_NO_PIC = NO;
				GCC_NO_COMMON_BLOCKS = YES;
				GCC_OPTIMIZATION_LEVEL = 0;
				GCC_PREPROCESSOR_DEFINITIONS = (
					"DEBUG=1",
					"$(inherited)",
				);
				GCC_WARN_64_TO_32_BIT_CONVERSION = YES;
				GCC_WARN_ABOUT_RETURN_TYPE = YES_ERROR;
				GCC_WARN_UNDECLARED_SELECTOR = YES;
				GCC_WARN_UNINITIALIZED_AUTOS = YES_AGGRESSIVE;
				GCC_WARN_UNUSED_FUNCTION = YES;
				GCC_WARN_UNUSED_VARIABLE = YES;
				IPHONEOS_DEPLOYMENT_TARGET = 15.0;
				MTL_ENABLE_DEBUG_INFO = INCLUDE_SOURCE;
				MTL_FAST_MATH = YES;
				ONLY_ACTIVE_ARCH = YES;
				SDKROOT = iphoneos;
				SWIFT_ACTIVE_COMPILATION_CONDITIONS = DEBUG;
				SWIFT_OPTIMIZATION_LEVEL = "-Onone";
			};
			name = Debug;
		};
		D2BD051328763938004CF474 /* Release */ = {
			isa = XCBuildConfiguration;
			buildSettings = {
				ALWAYS_SEARCH_USER_PATHS = NO;
				CLANG_ANALYZER_NONNULL = YES;
				CLANG_ANALYZER_NUMBER_OBJECT_CONVERSION = YES_AGGRESSIVE;
				CLANG_CXX_LANGUAGE_STANDARD = "gnu++17";
				CLANG_CXX_LIBRARY = "libc++";
				CLANG_ENABLE_MODULES = YES;
				CLANG_ENABLE_OBJC_ARC = YES;
				CLANG_ENABLE_OBJC_WEAK = YES;
				CLANG_WARN_BLOCK_CAPTURE_AUTORELEASING = YES;
				CLANG_WARN_BOOL_CONVERSION = YES;
				CLANG_WARN_COMMA = YES;
				CLANG_WARN_CONSTANT_CONVERSION = YES;
				CLANG_WARN_DEPRECATED_OBJC_IMPLEMENTATIONS = YES;
				CLANG_WARN_DIRECT_OBJC_ISA_USAGE = YES_ERROR;
				CLANG_WARN_DOCUMENTATION_COMMENTS = YES;
				CLANG_WARN_EMPTY_BODY = YES;
				CLANG_WARN_ENUM_CONVERSION = YES;
				CLANG_WARN_INFINITE_RECURSION = YES;
				CLANG_WARN_INT_CONVERSION = YES;
				CLANG_WARN_NON_LITERAL_NULL_CONVERSION = YES;
				CLANG_WARN_OBJC_IMPLICIT_RETAIN_SELF = YES;
				CLANG_WARN_OBJC_LITERAL_CONVERSION = YES;
				CLANG_WARN_OBJC_ROOT_CLASS = YES_ERROR;
				CLANG_WARN_QUOTED_INCLUDE_IN_FRAMEWORK_HEADER = YES;
				CLANG_WARN_RANGE_LOOP_ANALYSIS = YES;
				CLANG_WARN_STRICT_PROTOTYPES = YES;
				CLANG_WARN_SUSPICIOUS_MOVE = YES;
				CLANG_WARN_UNGUARDED_AVAILABILITY = YES_AGGRESSIVE;
				CLANG_WARN_UNREACHABLE_CODE = YES;
				CLANG_WARN__DUPLICATE_METHOD_MATCH = YES;
				COPY_PHASE_STRIP = NO;
				DEBUG_INFORMATION_FORMAT = "dwarf-with-dsym";
				ENABLE_NS_ASSERTIONS = NO;
				ENABLE_STRICT_OBJC_MSGSEND = YES;
				GCC_C_LANGUAGE_STANDARD = gnu11;
				GCC_NO_COMMON_BLOCKS = YES;
				GCC_WARN_64_TO_32_BIT_CONVERSION = YES;
				GCC_WARN_ABOUT_RETURN_TYPE = YES_ERROR;
				GCC_WARN_UNDECLARED_SELECTOR = YES;
				GCC_WARN_UNINITIALIZED_AUTOS = YES_AGGRESSIVE;
				GCC_WARN_UNUSED_FUNCTION = YES;
				GCC_WARN_UNUSED_VARIABLE = YES;
				IPHONEOS_DEPLOYMENT_TARGET = 15.0;
				MTL_ENABLE_DEBUG_INFO = NO;
				MTL_FAST_MATH = YES;
				SDKROOT = iphoneos;
				SWIFT_COMPILATION_MODE = wholemodule;
				SWIFT_OPTIMIZATION_LEVEL = "-O";
				VALIDATE_PRODUCT = YES;
			};
			name = Release;
		};
		D2BD051528763938004CF474 /* Debug */ = {
			isa = XCBuildConfiguration;
			buildSettings = {
				ASSETCATALOG_COMPILER_APPICON_NAME = AppIcon;
				ASSETCATALOG_COMPILER_GLOBAL_ACCENT_COLOR_NAME = AccentColor;
				CODE_SIGN_STYLE = Automatic;
				CURRENT_PROJECT_VERSION = 1;
				DEVELOPMENT_TEAM = M84D5994X4;
				GENERATE_INFOPLIST_FILE = YES;
				INFOPLIST_FILE = Splitsy/Info.plist;
				INFOPLIST_KEY_UIApplicationSupportsIndirectInputEvents = YES;
				INFOPLIST_KEY_UILaunchStoryboardName = LaunchScreen;
				INFOPLIST_KEY_UISupportedInterfaceOrientations_iPad = "UIInterfaceOrientationPortrait UIInterfaceOrientationPortraitUpsideDown UIInterfaceOrientationLandscapeLeft UIInterfaceOrientationLandscapeRight";
				INFOPLIST_KEY_UISupportedInterfaceOrientations_iPhone = "UIInterfaceOrientationPortrait UIInterfaceOrientationLandscapeLeft UIInterfaceOrientationLandscapeRight";
				LD_RUNPATH_SEARCH_PATHS = (
					"$(inherited)",
					"@executable_path/Frameworks",
				);
				MARKETING_VERSION = 1.0;
				PRODUCT_BUNDLE_IDENTIFIER = mittens.Splitsy;
				PRODUCT_NAME = "$(TARGET_NAME)";
				SWIFT_EMIT_LOC_STRINGS = YES;
				SWIFT_VERSION = 5.0;
				TARGETED_DEVICE_FAMILY = "1,2";
			};
			name = Debug;
		};
		D2BD051628763938004CF474 /* Release */ = {
			isa = XCBuildConfiguration;
			buildSettings = {
				ASSETCATALOG_COMPILER_APPICON_NAME = AppIcon;
				ASSETCATALOG_COMPILER_GLOBAL_ACCENT_COLOR_NAME = AccentColor;
				CODE_SIGN_STYLE = Automatic;
				CURRENT_PROJECT_VERSION = 1;
				DEVELOPMENT_TEAM = M84D5994X4;
				GENERATE_INFOPLIST_FILE = YES;
				INFOPLIST_FILE = Splitsy/Info.plist;
				INFOPLIST_KEY_UIApplicationSupportsIndirectInputEvents = YES;
				INFOPLIST_KEY_UILaunchStoryboardName = LaunchScreen;
				INFOPLIST_KEY_UISupportedInterfaceOrientations_iPad = "UIInterfaceOrientationPortrait UIInterfaceOrientationPortraitUpsideDown UIInterfaceOrientationLandscapeLeft UIInterfaceOrientationLandscapeRight";
				INFOPLIST_KEY_UISupportedInterfaceOrientations_iPhone = "UIInterfaceOrientationPortrait UIInterfaceOrientationLandscapeLeft UIInterfaceOrientationLandscapeRight";
				LD_RUNPATH_SEARCH_PATHS = (
					"$(inherited)",
					"@executable_path/Frameworks",
				);
				MARKETING_VERSION = 1.0;
				PRODUCT_BUNDLE_IDENTIFIER = mittens.Splitsy;
				PRODUCT_NAME = "$(TARGET_NAME)";
				SWIFT_EMIT_LOC_STRINGS = YES;
				SWIFT_VERSION = 5.0;
				TARGETED_DEVICE_FAMILY = "1,2";
			};
			name = Release;
		};
/* End XCBuildConfiguration section */

/* Begin XCConfigurationList section */
		D2BD04FB28763937004CF474 /* Build configuration list for PBXProject "Splitsy" */ = {
			isa = XCConfigurationList;
			buildConfigurations = (
				D2BD051228763938004CF474 /* Debug */,
				D2BD051328763938004CF474 /* Release */,
			);
			defaultConfigurationIsVisible = 0;
			defaultConfigurationName = Release;
		};
		D2BD051428763938004CF474 /* Build configuration list for PBXNativeTarget "Splitsy" */ = {
			isa = XCConfigurationList;
			buildConfigurations = (
				D2BD051528763938004CF474 /* Debug */,
				D2BD051628763938004CF474 /* Release */,
			);
			defaultConfigurationIsVisible = 0;
			defaultConfigurationName = Release;
		};
/* End XCConfigurationList section */
	};
	rootObject = D2BD04F828763937004CF474 /* Project object */;
}
